
Microsoft Visual Studio Solution File, Format Version 12.00
# Visual Studio 15
VisualStudioVersion = 15.0.27428.2037
MinimumVisualStudioVersion = 10.0.40219.1
Project("{FAE04EC0-301F-11D3-BF4B-00C04F79EFBC}") = "WindowsFormsApp34", "WindowsFormsApp34.csproj", "{8DB05B42-53CB-40B4-BD70-9EF87FEA8480}"
EndProject
Global
	GlobalSection(SolutionConfigurationPlatforms) = preSolution
		Debug|Any CPU = Debug|Any CPU
		Release|Any CPU = Release|Any CPU
	EndGlobalSection
	GlobalSection(ProjectConfigurationPlatforms) = postSolution
		{8DB05B42-53CB-40B4-BD70-9EF87FEA8480}.Debug|Any CPU.ActiveCfg = Debug|Any CPU
		{8DB05B42-53CB-40B4-BD70-9EF87FEA8480}.Debug|Any CPU.Build.0 = Debug|Any CPU
		{8DB05B42-53CB-40B4-BD70-9EF87FEA8480}.Release|Any CPU.ActiveCfg = Release|Any CPU
		{8DB05B42-53CB-40B4-BD70-9EF87FEA8480}.Release|Any CPU.Build.0 = Release|Any CPU
	EndGlobalSection
	GlobalSection(SolutionProperties) = preSolution
		HideSolutionNode = FALSE
	EndGlobalSection
	GlobalSection(ExtensibilityGlobals) = postSolution
		SolutionGuid = {DEC58954-85AC-43A7-B928-629ABA491FA7}
	EndGlobalSection
EndGlobal
